{
  "lockfileVersion": 1,
  "configVersion": 1,
  "workspaces": {
    "": {
      "name": "@sigma-auth/better-auth-plugin",
      "dependencies": {
        "bitcoin-auth": "^0.0.8",
      },
      "devDependencies": {
        "@better-auth/utils": "0.4.2",
        "@better-fetch/fetch": "^1.3.0",
        "@biomejs/biome": "^2.3.11",
        "@bsv/sdk": "^2.0.0",
        "@neondatabase/serverless": "^1.0.2",
        "@types/bun": "^1.3.14",
        "@types/node": "^24.10.7",
        "better-auth": "^1.7.2",
        "bsv-bap": "0.1.23",
        "typescript": "^5.9.3",
        "zod": "^4.3.5",
      },
      "peerDependencies": {
        "@better-fetch/fetch": "^1.3.0",
        "@bsv/sdk": "^2.0.0",
        "@neondatabase/serverless": "^1.0.2",
        "better-auth": "^1.7.0",
        "bsv-bap": "^0.1.23",
        "payload-auth": "^0.6.0",
        "zod": "^4.1.12",
      },
      "optionalPeers": [
        "@better-fetch/fetch",
        "@bsv/sdk",
        "@neondatabase/serverless",
        "bsv-bap",
        "payload-auth",
        "zod",
      ],
    },
  },
  "packages": {
    "@better-auth/core": ["@better-auth/core@1.7.2", "", { "dependencies": { "@opentelemetry/semantic-conventions": "^1.41.1", "@standard-schema/spec": "^1.1.0", "zod": "^4.3.6" }, "peerDependencies": { "@better-auth/utils": "0.4.2", "@better-fetch/fetch": "1.3.1", "@cloudflare/workers-types": ">=4", "@opentelemetry/api": "^1.9.0", "better-call": "1.4.0", "jose": "^6.1.0", "kysely": "^0.28.5 || ^0.29.0", "nanostores": "^1.0.1" }, "optionalPeers": ["@cloudflare/workers-types", "@opentelemetry/api"] }, "sha512-j0nM4ygsWbF/fcYRoKtDn8gn8uLXkmC+075HqSqsJEAV828cJR9bvYBCUQ1zmxNyRBk6Iz/qXsA0Zm2oksiOTg=="],

    "@better-auth/drizzle-adapter": ["@better-auth/drizzle-adapter@1.7.2", "", { "peerDependencies": { "@better-auth/core": "^1.7.2", "@better-auth/utils": "0.4.2", "drizzle-orm": "^0.45.2 || >=1.0.0-rc.1 <2.0.0" }, "optionalPeers": ["drizzle-orm"] }, "sha512-A5wE10PIv3aS5LGePecEHntQylKy6OOF17B4dqlE0DwJeqU/IOBSd7/LZhMop9cNJ3WFjKMpazVSf91yYM/NFg=="],

    "@better-auth/kysely-adapter": ["@better-auth/kysely-adapter@1.7.2", "", { "peerDependencies": { "@better-auth/core": "^1.7.2", "@better-auth/utils": "0.4.2", "kysely": "^0.28.17 || ^0.29.0" }, "optionalPeers": ["kysely"] }, "sha512-LYdSRLOvZiF+6S0UThu+wE/Qxsq9P2jQs7ZKkY6BIBJqUjYyxVDmi8HFcantBvWWW1/BeQCSsD7YVDG4gICMIQ=="],

    "@better-auth/memory-adapter": ["@better-auth/memory-adapter@1.7.2", "", { "peerDependencies": { "@better-auth/core": "^1.7.2", "@better-auth/utils": "0.4.2" } }, "sha512-0q1SXMzm5esH9L0xVuM6IxCk59E4G+3HySX4My9gvEwqtmUobykn+iuc/si3Y4xwUO7JODqQ5o+/pPcLDDMIrA=="],

    "@better-auth/mongo-adapter": ["@better-auth/mongo-adapter@1.7.2", "", { "peerDependencies": { "@better-auth/core": "^1.7.2", "@better-auth/utils": "0.4.2", "mongodb": "^6.0.0 || ^7.0.0" }, "optionalPeers": ["mongodb"] }, "sha512-4879SmUWHUs0OYlvHoCFbycZ7i1bqytkcgAUdt9RLQMvZ5H3LRMTgax2YVlGZEXgwNjY/X7xAoXOecWLhlQWeA=="],

    "@better-auth/prisma-adapter": ["@better-auth/prisma-adapter@1.7.2", "", { "peerDependencies": { "@better-auth/core": "^1.7.2", "@better-auth/utils": "0.4.2", "@prisma/client": "^5.0.0 || ^6.0.0 || ^7.0.0", "prisma": "^5.0.0 || ^6.0.0 || ^7.0.0" }, "optionalPeers": ["@prisma/client", "prisma"] }, "sha512-mXTr/83WrNWLrvzIjtgDgdu9iXhOcSG1+qBQOAKlbGSFiOB+z4IMRneQ2wmMOiB8mKY9qGkClVUjKRFXqtHnFQ=="],

    "@better-auth/telemetry": ["@better-auth/telemetry@1.7.2", "", { "peerDependencies": { "@better-auth/core": "^1.7.2", "@better-auth/utils": "0.4.2", "@better-fetch/fetch": "1.3.1" } }, "sha512-LcWu+O0zrxYDQj8E36vfkJwGPW4k9ZDA/rCo0zST6ihzL+juR7pBowoZIM9E6tK0Vit52mf6412bGT4XM4eTjQ=="],

    "@better-auth/utils": ["@better-auth/utils@0.4.2", "", { "dependencies": { "@noble/hashes": "^2.0.1" } }, "sha512-AUxrvu+HaaODsUyzDxFgwd/8RZ1yZaYo42LXKSrU2oGgR38pS1ij8nqQKNgtTWoYGpNevNXtCfgTy6loHveW9A=="],

    "@better-fetch/fetch": ["@better-fetch/fetch@1.3.0", "", {}, "sha512-Lgkl18IrUURFqa1nE38GNDWXf7XGzfxXQDCE/alCQV0yZ98YrPGtlmW61ch1T4YRt3lxrSAGA+Ft73FzuWWb3A=="],

    "@biomejs/biome": ["@biomejs/biome@2.4.6", "", { "optionalDependencies": { "@biomejs/cli-darwin-arm64": "2.4.6", "@biomejs/cli-darwin-x64": "2.4.6", "@biomejs/cli-linux-arm64": "2.4.6", "@biomejs/cli-linux-arm64-musl": "2.4.6", "@biomejs/cli-linux-x64": "2.4.6", "@biomejs/cli-linux-x64-musl": "2.4.6", "@biomejs/cli-win32-arm64": "2.4.6", "@biomejs/cli-win32-x64": "2.4.6" }, "bin": { "biome": "bin/biome" } }, "sha512-QnHe81PMslpy3mnpL8DnO2M4S4ZnYPkjlGCLWBZT/3R9M6b5daArWMMtEfP52/n174RKnwRIf3oT8+wc9ihSfQ=="],

    "@biomejs/cli-darwin-arm64": ["@biomejs/cli-darwin-arm64@2.4.6", "", { "os": "darwin", "cpu": "arm64" }, "sha512-NW18GSyxr+8sJIqgoGwVp5Zqm4SALH4b4gftIA0n62PTuBs6G2tHlwNAOj0Vq0KKSs7Sf88VjjmHh0O36EnzrQ=="],

    "@biomejs/cli-darwin-x64": ["@biomejs/cli-darwin-x64@2.4.6", "", { "os": "darwin", "cpu": "x64" }, "sha512-4uiE/9tuI7cnjtY9b07RgS7gGyYOAfIAGeVJWEfeCnAarOAS7qVmuRyX6d7JTKw28/mt+rUzMasYeZ+0R/U1Mw=="],

    "@biomejs/cli-linux-arm64": ["@biomejs/cli-linux-arm64@2.4.6", "", { "os": "linux", "cpu": "arm64" }, "sha512-kMLaI7OF5GN1Q8Doymjro1P8rVEoy7BKQALNz6fiR8IC1WKduoNyteBtJlHT7ASIL0Cx2jR6VUOBIbcB1B8pew=="],

    "@biomejs/cli-linux-arm64-musl": ["@biomejs/cli-linux-arm64-musl@2.4.6", "", { "os": "linux", "cpu": "arm64" }, "sha512-F/JdB7eN22txiTqHM5KhIVt0jVkzZwVYrdTR1O3Y4auBOQcXxHK4dxULf4z43QyZI5tsnQJrRBHZy7wwtL+B3A=="],

    "@biomejs/cli-linux-x64": ["@biomejs/cli-linux-x64@2.4.6", "", { "os": "linux", "cpu": "x64" }, "sha512-oHXmUFEoH8Lql1xfc3QkFLiC1hGR7qedv5eKNlC185or+o4/4HiaU7vYODAH3peRCfsuLr1g6v2fK9dFFOYdyw=="],

    "@biomejs/cli-linux-x64-musl": ["@biomejs/cli-linux-x64-musl@2.4.6", "", { "os": "linux", "cpu": "x64" }, "sha512-C9s98IPDu7DYarjlZNuzJKTjVHN03RUnmHV5htvqsx6vEUXCDSJ59DNwjKVD5XYoSS4N+BYhq3RTBAL8X6svEg=="],

    "@biomejs/cli-win32-arm64": ["@biomejs/cli-win32-arm64@2.4.6", "", { "os": "win32", "cpu": "arm64" }, "sha512-xzThn87Pf3YrOGTEODFGONmqXpTwUNxovQb72iaUOdcw8sBSY3+3WD8Hm9IhMYLnPi0n32s3L3NWU6+eSjfqFg=="],

    "@biomejs/cli-win32-x64": ["@biomejs/cli-win32-x64@2.4.6", "", { "os": "win32", "cpu": "x64" }, "sha512-7++XhnsPlr1HDbor5amovPjOH6vsrFOCdp93iKXhFn6bcMUI6soodj3WWKfgEO6JosKU1W5n3uky3WW9RlRjTg=="],

    "@bsv/sdk": ["@bsv/sdk@2.0.6", "", {}, "sha512-Kj6xoqSe4hN+4O8FwY2PMEJQI0/EA8kcwtb0B8zC2IGQWvYDCLJw37kMJRpIBxQNWAtWiI2bnpek1F5UYJAKmw=="],

    "@neondatabase/serverless": ["@neondatabase/serverless@1.0.2", "", { "dependencies": { "@types/node": "^22.15.30", "@types/pg": "^8.8.0" } }, "sha512-I5sbpSIAHiB+b6UttofhrN/UJXII+4tZPAq1qugzwCwLIL8EZLV7F/JyHUrEIiGgQpEXzpnjlJ+zwcEhheGvCw=="],

    "@noble/ciphers": ["@noble/ciphers@2.4.0", "", {}, "sha512-AnjFn0Jv92laAkvMrghlFZq4qQCIN/4DxFV/eooqtC2YTjB7kBeLMS2T9KJX4Dn+ZVXLOwK0lSgqDtx9gvxtiw=="],

    "@noble/hashes": ["@noble/hashes@2.4.0", "", {}, "sha512-X5XaVWZIBCT7HHZGm5I7ZQXDwLG+bGXuSrMQAW+7Zvl87h1kmc1ZB1VSRJcpUfoUrGQp4Fkoxm5kZ+Ms+aW+eA=="],

    "@opentelemetry/semantic-conventions": ["@opentelemetry/semantic-conventions@1.43.0", "", {}, "sha512-eSYWTm620tTk45EKSedaUL8MFYI8hW164hIXsgIHyxu3VobUB3fFCu5t0hQby6OoWRPsG1KkKUG2M5UadiLiVg=="],

    "@standard-schema/spec": ["@standard-schema/spec@1.1.0", "", {}, "sha512-l2aFy5jALhniG5HgqrD6jXLi/rUWrKvqN/qJx6yoJsgKhblVd+iqqU4RCXavm/jPityDo5TCvKMnpjKnOriy0w=="],

    "@types/bun": ["@types/bun@1.4.0", "", { "dependencies": { "bun-types": "1.4.0" } }, "sha512-K+lZULY23vRgK/CfTjFIV+tyifaNdSMlPh9j+6mQ/cLfpOznLyAuzgV/JQysyECpkBQLVMSyvjlr2fBUSA9wFQ=="],

    "@types/node": ["@types/node@24.12.0", "", { "dependencies": { "undici-types": "~7.16.0" } }, "sha512-GYDxsZi3ChgmckRT9HPU0WEhKLP08ev/Yfcq2AstjrDASOYCSXeyjDsHg4v5t4jOj7cyDX3vmprafKlWIG9MXQ=="],

    "@types/pg": ["@types/pg@8.18.0", "", { "dependencies": { "@types/node": "*", "pg-protocol": "*", "pg-types": "^2.2.0" } }, "sha512-gT+oueVQkqnj6ajGJXblFR4iavIXWsGAFCk3dP4Kki5+a9R4NMt0JARdk6s8cUKcfUoqP5dAtDSLU8xYUTFV+Q=="],

    "better-auth": ["better-auth@1.7.2", "", { "dependencies": { "@better-auth/core": "1.7.2", "@better-auth/drizzle-adapter": "1.7.2", "@better-auth/kysely-adapter": "1.7.2", "@better-auth/memory-adapter": "1.7.2", "@better-auth/mongo-adapter": "1.7.2", "@better-auth/prisma-adapter": "1.7.2", "@better-auth/telemetry": "1.7.2", "@better-auth/utils": "0.4.2", "@better-fetch/fetch": "1.3.1", "@noble/ciphers": "^2.2.0", "@noble/hashes": "^2.2.0", "better-call": "1.4.0", "defu": "^6.1.4", "jose": "^6.2.3", "kysely": "^0.28.17 || ^0.29.0", "nanostores": "^1.3.0", "zod": "^4.3.6" }, "peerDependencies": { "@lynx-js/react": "*", "@prisma/client": "^5.0.0 || ^6.0.0 || ^7.0.0", "@sveltejs/kit": "^2.0.0", "@tanstack/react-start": "^1.0.0", "@tanstack/solid-start": "^1.0.0", "better-sqlite3": "^12.0.0", "drizzle-kit": ">=0.31.4 || >=1.0.0-beta.1", "drizzle-orm": "^0.45.2 || >=1.0.0-rc.1 <2.0.0", "mongodb": "^6.0.0 || ^7.0.0", "mysql2": "^3.0.0", "next": "^14.0.0 || ^15.0.0 || ^16.0.0", "pg": "^8.0.0", "prisma": "^5.0.0 || ^6.0.0 || ^7.0.0", "react": "^18.0.0 || ^19.0.0", "react-dom": "^18.0.0 || ^19.0.0", "solid-js": "^1.0.0", "svelte": "^4.0.0 || ^5.0.0", "vitest": "^2.0.0 || ^3.0.0 || ^4.0.0", "vue": "^3.0.0" }, "optionalPeers": ["@lynx-js/react", "@prisma/client", "@sveltejs/kit", "@tanstack/react-start", "@tanstack/solid-start", "better-sqlite3", "drizzle-kit", "drizzle-orm", "mongodb", "mysql2", "next", "pg", "prisma", "react", "react-dom", "solid-js", "svelte", "vitest", "vue"] }, "sha512-gKapKBEvYIGcMxi74RjQ7EbFLiqyQt58vdoJmL1qAlWSkY1Bc2Vqshl524/3u1NxauiOU03M/Ebh762Brmac9A=="],

    "better-call": ["better-call@1.4.0", "", { "dependencies": { "@better-auth/utils": "^0.5.0", "@better-fetch/fetch": "^1.3.1", "rou3": "^0.9.1", "set-cookie-parser": "^3.1.2" }, "peerDependencies": { "zod": "^4.0.0" }, "optionalPeers": ["zod"] }, "sha512-bBKOT4vv1kZLDgxVePdilk/Jwkn+dtRRsmi3DzHcDP+WnswyVl6dR59l2HEeP/0cB+bDoopASAesWDPIdd/zZA=="],

    "bitcoin-auth": ["bitcoin-auth@0.0.8", "", { "peerDependencies": { "@bsv/sdk": "^2.0.6", "typescript": "^5.8.3" } }, "sha512-pU/ozaXjWMsF/Tmc3ZFU1OotMHdV/v07m4MZ7N8Y10LM6axq6ZnUvAKw3iONLNGUtwtelwVn2/sL4XtliVVLIg=="],

    "bsv-bap": ["bsv-bap@0.1.23", "", { "dependencies": { "schema-dts": "^1.1.5" }, "peerDependencies": { "@bsv/sdk": "^1.3.18 || ^2.0.0" }, "bin": { "bap": "src/cli.ts" } }, "sha512-Em2dlIkck1ypcUKBoqi35ZeDg3YKEeJ/9AJ94hkLpNBH6bESDKsF3oCXR8D1jm1ZCI7Xw42Iq/Eg0lDYNOimag=="],

    "bun-types": ["bun-types@1.4.0", "", { "dependencies": { "@types/node": "*" } }, "sha512-iIKw23BspnQQYd3prITOBxeUsxBHnwzX6YJfGMuNOZzeNcMmVqzIIVGRm1l69ogaPQmb4wB6BN8mA5bE9YuC5Q=="],

    "defu": ["defu@6.1.4", "", {}, "sha512-mEQCMmwJu317oSz8CwdIOdwf3xMif1ttiM8LTufzc3g6kR+9Pe236twL8j3IYT1F7GfRgGcW6MWxzZjLIkuHIg=="],

    "jose": ["jose@6.2.10", "", {}, "sha512-iiW7J9qRFlGxvCOIBDBDxFePQSn7ZMAnrYGhrrOo6siO/MIqwfyilLR27pkfDgUk+raLuzADS8A3S/KLBisc0g=="],

    "kysely": ["kysely@0.29.2", "", {}, "sha512-s6WVJyEZrbm6jhBpiKHsGHyePMrVQKJ85wZCFCr9W4QHv6WTjWIrdvTmO9hDEA3bNK0xkrE2DqrHsXMLWuZpQg=="],

    "nanostores": ["nanostores@1.5.2", "", {}, "sha512-B0UbxzK1s0CN8Xht6r+7iT5+xV8PTaRERR1nATeplRv1Rw5YLWfVAid0hkqY3EceqpG4RjTk8GAwIxQY39Rnwg=="],

    "pg-int8": ["pg-int8@1.0.1", "", {}, "sha512-WCtabS6t3c8SkpDBUlb1kjOs7l66xsGdKpIPZsg4wR+B3+u9UAum2odSsF9tnvxg80h4ZxLWMy4pRjOsFIqQpw=="],

    "pg-protocol": ["pg-protocol@1.13.0", "", {}, "sha512-zzdvXfS6v89r6v7OcFCHfHlyG/wvry1ALxZo4LqgUoy7W9xhBDMaqOuMiF3qEV45VqsN6rdlcehHrfDtlCPc8w=="],

    "pg-types": ["pg-types@2.2.0", "", { "dependencies": { "pg-int8": "1.0.1", "postgres-array": "~2.0.0", "postgres-bytea": "~1.0.0", "postgres-date": "~1.0.4", "postgres-interval": "^1.1.0" } }, "sha512-qTAAlrEsl8s4OiEQY69wDvcMIdQN6wdz5ojQiOy6YRMuynxenON0O5oCpJI6lshc6scgAY8qvJ2On/p+CXY0GA=="],

    "postgres-array": ["postgres-array@2.0.0", "", {}, "sha512-VpZrUqU5A69eQyW2c5CA1jtLecCsN2U/bD6VilrFDWq5+5UIEVO7nazS3TEcHf1zuPYO/sqGvUvW62g86RXZuA=="],

    "postgres-bytea": ["postgres-bytea@1.0.1", "", {}, "sha512-5+5HqXnsZPE65IJZSMkZtURARZelel2oXUEO8rH83VS/hxH5vv1uHquPg5wZs8yMAfdv971IU+kcPUczi7NVBQ=="],

    "postgres-date": ["postgres-date@1.0.7", "", {}, "sha512-suDmjLVQg78nMK2UZ454hAG+OAW+HQPZ6n++TNDUX+L0+uUlLywnoxJKDou51Zm+zTCjrCl0Nq6J9C5hP9vK/Q=="],

    "postgres-interval": ["postgres-interval@1.2.0", "", { "dependencies": { "xtend": "^4.0.0" } }, "sha512-9ZhXKM/rw350N1ovuWHbGxnGh/SNJ4cnxHiM0rxE4VN41wsg8P8zWn9hv/buK00RP4WvlOyr/RBDiptyxVbkZQ=="],

    "rou3": ["rou3@0.9.2", "", {}, "sha512-3SOzvaAg8rkHrXtRjpCvCvbyO5to9oOO27Z/XqHEYXfMRVSw/qMIVdmaOk9W2lcRLtR6dlqTjo9hDeJk70QBYQ=="],

    "schema-dts": ["schema-dts@1.1.5", "", {}, "sha512-RJr9EaCmsLzBX2NDiO5Z3ux2BVosNZN5jo0gWgsyKvxKIUL5R3swNvoorulAeL9kLB0iTSX7V6aokhla2m7xbg=="],

    "set-cookie-parser": ["set-cookie-parser@3.1.2", "", {}, "sha512-5/r/lTwbJ3zQ+qwdUFZYeRNqda7P5HD8zQKqlSjdGt1/S0cjLAphHusj4Y58ahDtWn/g32xrIS58/ikOvwl0Lw=="],

    "typescript": ["typescript@5.9.3", "", { "bin": { "tsc": "bin/tsc", "tsserver": "bin/tsserver" } }, "sha512-jl1vZzPDinLr9eUt3J/t7V6FgNEw9QjvBPdysz9KfQDD41fQrC2Y4vKQdiaUpFT4bXlb1RHhLpp8wtm6M5TgSw=="],

    "undici-types": ["undici-types@7.16.0", "", {}, "sha512-Zz+aZWSj8LE6zoxD+xrjh4VfkIG8Ya6LvYkZqtUQGJPZjYl53ypCaUwWqo7eI0x66KBGeRo+mlBEkMSeSZ38Nw=="],

    "xtend": ["xtend@4.0.2", "", {}, "sha512-LKYU1iAXJXUgAXn9URjiu+MWhyUXHsvfp7mcuYm9dSUKK0/CjtrUwFAxD82/mCWbtLsGjFIad0wIsod4zrTAEQ=="],

    "zod": ["zod@4.3.6", "", {}, "sha512-rftlrkhHZOcjDwkGlnUtZZkvaPHCsDATp4pGpuOOMDaTdDDXF91wuVDJoWoPsKX/3YPQ5fHuF3STjcYyKr+Qhg=="],

    "@neondatabase/serverless/@types/node": ["@types/node@22.19.15", "", { "dependencies": { "undici-types": "~6.21.0" } }, "sha512-F0R/h2+dsy5wJAUe3tAU6oqa2qbWY5TpNfL/RGmo1y38hiyO1w3x2jPtt76wmuaJI4DQnOBu21cNXQ2STIUUWg=="],

    "better-auth/@better-fetch/fetch": ["@better-fetch/fetch@1.3.1", "", {}, "sha512-ABkD1WhyfPZprKRQI3bhATjeiFuNWC9PXhfGWqL+sg/gKrM977oFrYkdb4msM3hgUGonr7KlOsOFT5TU2rht9g=="],

    "better-call/@better-auth/utils": ["@better-auth/utils@0.5.0", "", { "dependencies": { "@noble/hashes": "^2.0.1" } }, "sha512-BL8W4EfIZFwlu0r54m3v1ztjDhu6dDe/amLTm0xybmbZaNgYUqhD3SjpAsnq0q8YD6/ki4iwIgxJNLP/N3TxiA=="],

    "better-call/@better-fetch/fetch": ["@better-fetch/fetch@1.3.1", "", {}, "sha512-ABkD1WhyfPZprKRQI3bhATjeiFuNWC9PXhfGWqL+sg/gKrM977oFrYkdb4msM3hgUGonr7KlOsOFT5TU2rht9g=="],

    "@neondatabase/serverless/@types/node/undici-types": ["undici-types@6.21.0", "", {}, "sha512-iwDZqg0QAGrg9Rav5H4n0M64c3mkR59cJ6wQp+7C4nI0gsmExaedaYLNO44eT4AtBBwjbTiGPMlt2Md0T9H9JQ=="],
  }
}
